{
  "version": "4",
  "specifiers": {
    "jsr:@denosaurs/tty@~0.2.1": "0.2.1",
    "jsr:@denosaurs/wait@~0.2.2": "0.2.2",
    "jsr:@std/assert@1": "1.0.6",
    "jsr:@std/cli@^1.0.6": "1.0.6",
    "jsr:@std/csv@^1.0.3": "1.0.3",
    "jsr:@std/fmt@1": "1.0.2",
    "jsr:@std/internal@^1.0.4": "1.0.4",
    "jsr:@std/path@^1.0.6": "1.0.6",
    "jsr:@std/streams@^1.0.4": "1.0.7",
    "npm:@inquirer/prompts@^7.0.1": "7.0.1_@types+node@22.5.4",
    "npm:@keckelt/tsne@^1.0.2": "1.0.2",
    "npm:@types/plotly.js@^2.33.4": "2.33.4",
    "npm:chalk@^5.3.0": "5.3.0",
    "npm:commander@^12.1.0": "12.1.0",
    "npm:crawler@^2.0.2": "2.0.2",
    "npm:figlet@^1.8.0": "1.8.0",
    "npm:ml-kmeans@6": "6.0.0",
    "npm:nodejs-polars@0.16": "0.16.0",
    "npm:open@^10.1.0": "10.1.0",
    "npm:openai@^4.68.1": "4.68.1",
    "npm:plotly.js-dist@^2.35.2": "2.35.2",
    "npm:tiktoken@^1.0.17": "1.0.17"
  },
  "jsr": {
    "@denosaurs/tty@0.2.1": {
      "integrity": "f1fc651cc9021c90bf230a45c6eb893c26a54fae6a855e9cd26aad0083d772dd"
    },
    "@denosaurs/wait@0.2.2": {
      "integrity": "5ec0a7e72c57a96c9fdb2f4a52e2ce3b1ad010acc59fefe6f88054a9e27bc33d",
      "dependencies": [
        "jsr:@denosaurs/tty",
        "jsr:@std/fmt"
      ]
    },
    "@std/assert@1.0.6": {
      "integrity": "1904c05806a25d94fe791d6d883b685c9e2dcd60e4f9fc30f4fc5cf010c72207",
      "dependencies": [
        "jsr:@std/internal"
      ]
    },
    "@std/cli@1.0.6": {
      "integrity": "d22d8b38c66c666d7ad1f2a66c5b122da1704f985d3c47f01129f05abb6c5d3d"
    },
    "@std/csv@1.0.3": {
      "integrity": "623acf0dcb88d62ba727c3611ad005df7f109ede8cac833e3986f540744562e5",
      "dependencies": [
        "jsr:@std/streams"
      ]
    },
    "@std/fmt@1.0.2": {
      "integrity": "87e9dfcdd3ca7c066e0c3c657c1f987c82888eb8103a3a3baa62684ffeb0f7a7"
    },
    "@std/internal@1.0.4": {
      "integrity": "62e8e4911527e5e4f307741a795c0b0a9e6958d0b3790716ae71ce085f755422"
    },
    "@std/path@1.0.6": {
      "integrity": "ab2c55f902b380cf28e0eec501b4906e4c1960d13f00e11cfbcd21de15f18fed"
    },
    "@std/streams@1.0.7": {
      "integrity": "1a93917ca0c58c01b2bfb93647189229b1702677f169b6fb61ad6241cd2e499b"
    }
  },
  "npm": {
    "@inquirer/checkbox@4.0.1_@types+node@22.5.4": {
      "integrity": "sha512-ehJjmNPdguajc1hStvjN7DJNVjwG5LC1mgGMGFjCmdkn2fxB2GtULftMnlaqNmvMdPpqdaSoOFpl86VkLtG4pQ==",
      "dependencies": [
        "@inquirer/core",
        "@inquirer/figures",
        "@inquirer/type",
        "@types/node@22.5.4",
        "ansi-escapes",
        "yoctocolors-cjs"
      ]
    },
    "@inquirer/confirm@5.0.1_@types+node@22.5.4": {
      "integrity": "sha512-6ycMm7k7NUApiMGfVc32yIPp28iPKxhGRMqoNDiUjq2RyTAkbs5Fx0TdzBqhabcKvniDdAAvHCmsRjnNfTsogw==",
      "dependencies": [
        "@inquirer/core",
        "@inquirer/type",
        "@types/node@22.5.4"
      ]
    },
    "@inquirer/core@10.0.1_@types+node@22.5.4": {
      "integrity": "sha512-KKTgjViBQUi3AAssqjUFMnMO3CM3qwCHvePV9EW+zTKGKafFGFF01sc1yOIYjLJ7QU52G/FbzKc+c01WLzXmVQ==",
      "dependencies": [
        "@inquirer/figures",
        "@inquirer/type",
        "ansi-escapes",
        "cli-width",
        "mute-stream",
        "signal-exit",
        "strip-ansi",
        "wrap-ansi",
        "yoctocolors-cjs"
      ]
    },
    "@inquirer/editor@4.0.1_@types+node@22.5.4": {
      "integrity": "sha512-qAHHJ6hs343eNtCKgV2wV5CImFxYG8J1pl/YCeI5w9VoW7QpulRUU26+4NsMhjR6zDRjKBsH/rRjCIcaAOHsrg==",
      "dependencies": [
        "@inquirer/core",
        "@inquirer/type",
        "@types/node@22.5.4",
        "external-editor"
      ]
    },
    "@inquirer/expand@4.0.1_@types+node@22.5.4": {
      "integrity": "sha512-9anjpdc802YInXekwePsa5LWySzVMHbhVS6v6n5IJxrl8w09mODOeP69wZ1d0WrOvot2buQSmYp4lW/pq8y+zQ==",
      "dependencies": [
        "@inquirer/core",
        "@inquirer/type",
        "@types/node@22.5.4",
        "yoctocolors-cjs"
      ]
    },
    "@inquirer/figures@1.0.7": {
      "integrity": "sha512-m+Trk77mp54Zma6xLkLuY+mvanPxlE4A7yNKs2HBiyZ4UkVs28Mv5c/pgWrHeInx+USHeX/WEPzjrWrcJiQgjw=="
    },
    "@inquirer/input@4.0.1_@types+node@22.5.4": {
      "integrity": "sha512-m+SliZ2m43cDRIpAdQxfv5QOeAQCuhS8TGLvtzEP1An4IH1kBES4RLMRgE/fC+z29aN8qYG8Tq/eXQQKTYwqAg==",
      "dependencies": [
        "@inquirer/core",
        "@inquirer/type",
        "@types/node@22.5.4"
      ]
    },
    "@inquirer/number@3.0.1_@types+node@22.5.4": {
      "integrity": "sha512-gF3erqfm0snpwBjbyKXUUe17QJ7ebm49btXApajrM0rgCCoYX0o9W5NCuYNae87iPxaIJVjtuoQ42DX32IdbMA==",
      "dependencies": [
        "@inquirer/core",
        "@inquirer/type",
        "@types/node@22.5.4"
      ]
    },
    "@inquirer/password@4.0.1_@types+node@22.5.4": {
      "integrity": "sha512-D7zUuX4l4ZpL3D7/SWu9ibijP09jigwHi/gfUHLx5GMS5oXzuMfPV2xPMG1tskco4enTx70HA0VtMXecerpvbg==",
      "dependencies": [
        "@inquirer/core",
        "@inquirer/type",
        "@types/node@22.5.4",
        "ansi-escapes"
      ]
    },
    "@inquirer/prompts@7.0.1_@types+node@22.5.4": {
      "integrity": "sha512-cu2CpGC2hz7WTt2VBvdkzahDvYice6vYA/8Dm7Fy3tRNzKuQTF2EY3CV4H2GamveWE6tA2XzyXtbWX8+t4WMQg==",
      "dependencies": [
        "@inquirer/checkbox",
        "@inquirer/confirm",
        "@inquirer/editor",
        "@inquirer/expand",
        "@inquirer/input",
        "@inquirer/number",
        "@inquirer/password",
        "@inquirer/rawlist",
        "@inquirer/search",
        "@inquirer/select",
        "@types/node@22.5.4"
      ]
    },
    "@inquirer/rawlist@4.0.1_@types+node@22.5.4": {
      "integrity": "sha512-0LuMOgaWs7W8JNcbiKkoFwyWFDEeCmLqDCygF0hidQUVa6J5grFVRZxrpompiWDFM49Km2rf7WoZwRo1uf1yWQ==",
      "dependencies": [
        "@inquirer/core",
        "@inquirer/type",
        "@types/node@22.5.4",
        "yoctocolors-cjs"
      ]
    },
    "@inquirer/search@3.0.1_@types+node@22.5.4": {
      "integrity": "sha512-ehMqjiO0pAf+KtdONKeCLVy4i3fy3feyRRhDrvzWhiwB8JccgKn7eHFr39l+Nx/FaZAhr0YxIJvkK5NuNvG+Ww==",
      "dependencies": [
        "@inquirer/core",
        "@inquirer/figures",
        "@inquirer/type",
        "@types/node@22.5.4",
        "yoctocolors-cjs"
      ]
    },
    "@inquirer/select@4.0.1_@types+node@22.5.4": {
      "integrity": "sha512-tVRatFRGU49bxFCKi/3P+C0E13KZduNFbWuHWRx0L2+jbiyKRpXgHp9qiRHWRk/KarhYBXzH/di6w3VQ5aJd5w==",
      "dependencies": [
        "@inquirer/core",
        "@inquirer/figures",
        "@inquirer/type",
        "@types/node@22.5.4",
        "ansi-escapes",
        "yoctocolors-cjs"
      ]
    },
    "@inquirer/type@3.0.0_@types+node@22.5.4": {
      "integrity": "sha512-YYykfbw/lefC7yKj7nanzQXILM7r3suIvyFlCcMskc99axmsSewXWkAfXKwMbgxL76iAFVmRwmYdwNZNc8gjog==",
      "dependencies": [
        "@types/node@22.5.4"
      ]
    },
    "@keckelt/tsne@1.0.2": {
      "integrity": "sha512-OfkxFk5HgUhpzJbxVLkbvtJHkFO1kuI4iRyhipyeqMoK0Tayclj1eLwIaCacC81KBT27yX53J/hqMV90plRRLw=="
    },
    "@sec-ant/readable-stream@0.4.1": {
      "integrity": "sha512-831qok9r2t8AlxLko40y2ebgSDhenenCatLVeW/uBtnHPyhHOvG0C7TvfgecV+wHzIm5KUICgzmVpWS+IMEAeg=="
    },
    "@sindresorhus/is@7.0.1": {
      "integrity": "sha512-QWLl2P+rsCJeofkDNIT3WFmb6NrRud1SUYW8dIhXK/46XFV8Q/g7Bsvib0Askb0reRLe+WYPeeE+l5cH7SlkuQ=="
    },
    "@szmarczak/http-timer@5.0.1": {
      "integrity": "sha512-+PmQX0PiAYPMeVYe237LJAYvOMYW1j2rH5YROyS3b4CTVJum34HfRvKvAzozHAQG0TnHNdUfY9nCeUyRAs//cw==",
      "dependencies": [
        "defer-to-connect"
      ]
    },
    "@types/http-cache-semantics@4.0.4": {
      "integrity": "sha512-1m0bIFVc7eJWyve9S0RnuRgcQqF/Xd5QsUZAZeQFr1Q3/p9JWoQQEqmVy+DPTNpGXwhgIetAoYF8JSc33q29QA=="
    },
    "@types/node-fetch@2.6.11": {
      "integrity": "sha512-24xFj9R5+rfQJLRyM56qh+wnVSYhyXC2tkoBndtY0U+vubqNsYXGjufB2nn8Q6gt0LrARwL6UBtMCSVCwl4B1g==",
      "dependencies": [
        "@types/node@22.5.4",
        "form-data"
      ]
    },
    "@types/node@18.19.56": {
      "integrity": "sha512-4EMJlWwwGnVPflJAtM14p9eVSa6BOv5b92mCsh5zcM1UagNtEtrbbtaE6WE1tw2TabavatnwqXjlIpcAEuJJNg==",
      "dependencies": [
        "undici-types@5.26.5"
      ]
    },
    "@types/node@22.5.4": {
      "integrity": "sha512-FDuKUJQm/ju9fT/SeX/6+gBzoPzlVCzfzmGkwKvRHQVxi4BntVbyIwf6a4Xn62mrvndLiml6z/UBXIdEVjQLXg==",
      "dependencies": [
        "undici-types@6.19.8"
      ]
    },
    "@types/plotly.js@2.33.4": {
      "integrity": "sha512-BzAbsJTiUQyALkkYx1D31YZ9YvcU2ag3LlE/iePMo19eDPvM30cbM2EFNIcu31n39EhXj/9G7800XLA8/rfApA=="
    },
    "abort-controller@3.0.0": {
      "integrity": "sha512-h8lQ8tacZYnR3vNQTgibj+tODHI5/+l06Au2Pcriv/Gmet0eaj4TwWH41sO9wnHDiQsEj19q0drzdWdeAHtweg==",
      "dependencies": [
        "event-target-shim"
      ]
    },
    "agentkeepalive@4.5.0": {
      "integrity": "sha512-5GG/5IbQQpC9FpkRGsSvZI5QYeSCzlJHdpBQntCsuTOxhKD8lqKhrleg2Yi7yvMIf82Ycmmqln9U8V9qwEiJew==",
      "dependencies": [
        "humanize-ms"
      ]
    },
    "ansi-escapes@4.3.2": {
      "integrity": "sha512-gKXj5ALrKWQLsYG9jlTRmR/xKluxHV+Z9QEwNIgCfM1/uwPMCuzVVnh5mwTd+OuBZcwSIMbqssNWRm1lE51QaQ==",
      "dependencies": [
        "type-fest@0.21.3"
      ]
    },
    "ansi-regex@5.0.1": {
      "integrity": "sha512-quJQXlTSUGL2LH9SUXo8VwsY4soanhgo6LNSm84E1LBcE8s3O0wpdiRzyR9z/ZZJMlMWv37qOOb9pdJlMUEKFQ=="
    },
    "ansi-styles@4.3.0": {
      "integrity": "sha512-zbB9rCJAT1rbjiVDb2hqKFHNYLxgtk8NURxZ3IZwD3F6NtxbXZQCnnSi1Lkx+IDohdPlFp222wVALIheZJQSEg==",
      "dependencies": [
        "color-convert"
      ]
    },
    "asynckit@0.4.0": {
      "integrity": "sha512-Oei9OH4tRh0YqU3GxhX79dM/mwVgvbZJaSNaRk+bshkj0S5cfHcgYakreBjrHwatXKbz+IoIdYLxrKim2MjW0Q=="
    },
    "boolbase@1.0.0": {
      "integrity": "sha512-JZOSA7Mo9sNGB8+UjSgzdLtokWAky1zbztM3WRLCbZ70/3cTANmQmOdR7y2g+J0e2WXywy1yS468tY+IruqEww=="
    },
    "bundle-name@4.1.0": {
      "integrity": "sha512-tjwM5exMg6BGRI+kNmTntNsvdZS1X8BFYS6tnJ2hdH0kVxM6/eVZ2xy+FqStSWvYmtfFMDLIxurorHwDKfDz5Q==",
      "dependencies": [
        "run-applescript"
      ]
    },
    "cacheable-lookup@7.0.0": {
      "integrity": "sha512-+qJyx4xiKra8mZrcwhjMRMUhD5NR1R8esPkzIYxX96JiecFoxAXFuz/GpR3+ev4PE1WamHip78wV0vcmPQtp8w=="
    },
    "cacheable-request@12.0.1": {
      "integrity": "sha512-Yo9wGIQUaAfIbk+qY0X4cDQgCosecfBe3V9NSyeY4qPC2SAkbCS4Xj79VP8WOzitpJUZKc/wsRCYF5ariDIwkg==",
      "dependencies": [
        "@types/http-cache-semantics",
        "get-stream",
        "http-cache-semantics",
        "keyv",
        "mimic-response@4.0.0",
        "normalize-url",
        "responselike"
      ]
    },
    "chalk@5.3.0": {
      "integrity": "sha512-dLitG79d+GV1Nb/VYcCDFivJeK1hiukt9QjRNVOsUtTy1rR1YJsmpGGTZ3qJos+uw7WmWF4wUwBd9jxjocFC2w=="
    },
    "chardet@0.7.0": {
      "integrity": "sha512-mT8iDcrh03qDGRRmoA2hmBJnxpllMR+0/0qlzjqZES6NdiWDcZkCNAk4rPFZ9Q85r27unkiNNg8ZOiwZXBHwcA=="
    },
    "cheerio-select@2.1.0": {
      "integrity": "sha512-9v9kG0LvzrlcungtnJtpGNxY+fzECQKhK4EGJX2vByejiMX84MFNQw4UxPJl3bFbTMw+Dfs37XaIkCwTZfLh4g==",
      "dependencies": [
        "boolbase",
        "css-select",
        "css-what",
        "domelementtype",
        "domhandler",
        "domutils"
      ]
    },
    "cheerio@1.0.0-rc.12": {
      "integrity": "sha512-VqR8m68vM46BNnuZ5NtnGBKIE/DfN0cRIzg9n40EIq9NOv90ayxLBXA8fXC5gquFRGJSTRqBq25Jt2ECLR431Q==",
      "dependencies": [
        "cheerio-select",
        "dom-serializer",
        "domhandler",
        "domutils",
        "htmlparser2",
        "parse5",
        "parse5-htmlparser2-tree-adapter"
      ]
    },
    "cli-width@4.1.0": {
      "integrity": "sha512-ouuZd4/dm2Sw5Gmqy6bGyNNNe1qt9RpmxveLSO7KcgsTnU7RXfsw+/bukWGo1abgBiMAic068rclZsO4IWmmxQ=="
    },
    "color-convert@2.0.1": {
      "integrity": "sha512-RRECPsj7iu/xb5oKYcsFHSppFNnsj/52OVTRKb4zP5onXwVF3zVmmToNcOfGC+CRDpfK/U584fMg38ZHCaElKQ==",
      "dependencies": [
        "color-name"
      ]
    },
    "color-name@1.1.4": {
      "integrity": "sha512-dOy+3AuW3a2wNbZHIuMZpTcgjGuLU/uBL/ubcZF9OXbDo8ff4O8yVp5Bf0efS8uEoYo5q4Fx7dY9OgQGXgAsQA=="
    },
    "combined-stream@1.0.8": {
      "integrity": "sha512-FQN4MRfuJeHf7cBbBMJFXhKSDq+2kAArBlmRBvcvFE5BB1HZKXtSFASDhdlz9zOYwxh8lDdnvmMOe/+5cdoEdg==",
      "dependencies": [
        "delayed-stream"
      ]
    },
    "commander@12.1.0": {
      "integrity": "sha512-Vw8qHK3bZM9y/P10u3Vib8o/DdkvA2OtPtZvD871QKjy74Wj1WSKFILMPRPSdUSx5RFK1arlJzEtA4PkFgnbuA=="
    },
    "crawler@2.0.2": {
      "integrity": "sha512-im/ZTxSMlnGoQ+52uyTBpa8IdYqLwBCpdjG4BSfXwrgkGHvSYA1uXzO9vAB2N7foUqboS+WF0R0f1mXaV8ZQcw==",
      "dependencies": [
        "cheerio",
        "got",
        "hpagent",
        "http2-wrapper",
        "iconv-lite@0.6.3",
        "seenreq",
        "tslog"
      ]
    },
    "css-select@5.1.0": {
      "integrity": "sha512-nwoRF1rvRRnnCqqY7updORDsuqKzqYJ28+oSMaJMMgOauh3fvwHqMS7EZpIPqK8GL+g9mKxF1vP/ZjSeNjEVHg==",
      "dependencies": [
        "boolbase",
        "css-what",
        "domhandler",
        "domutils",
        "nth-check"
      ]
    },
    "css-what@6.1.0": {
      "integrity": "sha512-HTUrgRJ7r4dsZKU6GjmpfRK1O76h97Z8MfS1G0FozR+oF2kG6Vfe8JE6zwrkbxigziPHinCJ+gCPjA9EaBDtRw=="
    },
    "decompress-response@6.0.0": {
      "integrity": "sha512-aW35yZM6Bb/4oJlZncMH2LCoZtJXTRxES17vE3hoRiowU2kWHaJKFkSBDnDR+cm9J+9QhXmREyIfv0pji9ejCQ==",
      "dependencies": [
        "mimic-response@3.1.0"
      ]
    },
    "default-browser-id@5.0.0": {
      "integrity": "sha512-A6p/pu/6fyBcA1TRz/GqWYPViplrftcW2gZC9q79ngNCKAeR/X3gcEdXQHl4KNXV+3wgIJ1CPkJQ3IHM6lcsyA=="
    },
    "default-browser@5.2.1": {
      "integrity": "sha512-WY/3TUME0x3KPYdRRxEJJvXRHV4PyPoUsxtZa78lwItwRQRHhd2U9xOscaT/YTf8uCXIAjeJOFBVEh/7FtD8Xg==",
      "dependencies": [
        "bundle-name",
        "default-browser-id"
      ]
    },
    "defer-to-connect@2.0.1": {
      "integrity": "sha512-4tvttepXG1VaYGrRibk5EwJd1t4udunSOVMdLSAL6mId1ix438oPwPZMALY41FCijukO1L0twNcGsdzS7dHgDg=="
    },
    "define-lazy-prop@3.0.0": {
      "integrity": "sha512-N+MeXYoqr3pOgn8xfyRPREN7gHakLYjhsHhWGT3fWAiL4IkAt0iDw14QiiEm2bE30c5XX5q0FtAA3CK5f9/BUg=="
    },
    "delayed-stream@1.0.0": {
      "integrity": "sha512-ZySD7Nf91aLB0RxL4KGrKHBXl7Eds1DAmEdcoVawXnLD7SDhpNgtuII2aAkg7a7QS41jxPSZ17p4VdGnMHk3MQ=="
    },
    "dom-serializer@2.0.0": {
      "integrity": "sha512-wIkAryiqt/nV5EQKqQpo3SToSOV9J0DnbJqwK7Wv/Trc92zIAYZ4FlMu+JPFW1DfGFt81ZTCGgDEabffXeLyJg==",
      "dependencies": [
        "domelementtype",
        "domhandler",
        "entities"
      ]
    },
    "domelementtype@2.3.0": {
      "integrity": "sha512-OLETBj6w0OsagBwdXnPdN0cnMfF9opN69co+7ZrbfPGrdpPVNBUj02spi6B1N7wChLQiPn4CSH/zJvXw56gmHw=="
    },
    "domhandler@5.0.3": {
      "integrity": "sha512-cgwlv/1iFQiFnU96XXgROh8xTeetsnJiDsTc7TYCLFd9+/WNkIqPTxiM/8pSd8VIrhXGTf1Ny1q1hquVqDJB5w==",
      "dependencies": [
        "domelementtype"
      ]
    },
    "domutils@3.1.0": {
      "integrity": "sha512-H78uMmQtI2AhgDJjWeQmHwJJ2bLPD3GMmO7Zja/ZZh84wkm+4ut+IUnUdRa8uCGX88DiVx1j6FRe1XfxEgjEZA==",
      "dependencies": [
        "dom-serializer",
        "domelementtype",
        "domhandler"
      ]
    },
    "emoji-regex@8.0.0": {
      "integrity": "sha512-MSjYzcWNOA0ewAHpz0MxpYFvwg6yjy1NG3xteoqz644VCo/RPgnr1/GGt+ic3iJTzQ8Eu3TdM14SawnVUmGE6A=="
    },
    "entities@4.5.0": {
      "integrity": "sha512-V0hjH4dGPh9Ao5p0MoRY6BVqtwCjhz6vI5LT8AJ55H+4g9/4vbHx1I54fS0XuclLhDHArPQCiMjDxjaL8fPxhw=="
    },
    "event-target-shim@5.0.1": {
      "integrity": "sha512-i/2XbnSz/uxRCU6+NdVJgKWDTM427+MqYbkQzD321DuCQJUqOuJKIA0IM2+W2xtYHdKOmZ4dR6fExsd4SXL+WQ=="
    },
    "external-editor@3.1.0": {
      "integrity": "sha512-hMQ4CX1p1izmuLYyZqLMO/qGNw10wSv9QDCPfzXfyFrOaCSSoRfqE1Kf1s5an66J5JZC62NewG+mK49jOCtQew==",
      "dependencies": [
        "chardet",
        "iconv-lite@0.4.24",
        "tmp"
      ]
    },
    "figlet@1.8.0": {
      "integrity": "sha512-chzvGjd+Sp7KUvPHZv6EXV5Ir3Q7kYNpCr4aHrRW79qFtTefmQZNny+W1pW9kf5zeE6dikku2W50W/wAH2xWgw=="
    },
    "form-data-encoder@1.7.2": {
      "integrity": "sha512-qfqtYan3rxrnCk1VYaA4H+Ms9xdpPqvLZa6xmMgFvhO32x7/3J/ExcTd6qpxM0vH2GdMI+poehyBZvqfMTto8A=="
    },
    "form-data-encoder@4.0.2": {
      "integrity": "sha512-KQVhvhK8ZkWzxKxOr56CPulAhH3dobtuQ4+hNQ+HekH/Wp5gSOafqRAeTphQUJAIk0GBvHZgJ2ZGRWd5kphMuw=="
    },
    "form-data@4.0.1": {
      "integrity": "sha512-tzN8e4TX8+kkxGPK8D5u0FNmjPUjw3lwC9lSLxxoB/+GtsJG91CO8bSWy73APlgAZzZbXEYZJuxjkHH2w+Ezhw==",
      "dependencies": [
        "asynckit",
        "combined-stream",
        "mime-types"
      ]
    },
    "formdata-node@4.4.1": {
      "integrity": "sha512-0iirZp3uVDjVGt9p49aTaqjk84TrglENEDuqfdlZQ1roC9CWlPk6Avf8EEnZNcAqPonwkG35x4n3ww/1THYAeQ==",
      "dependencies": [
        "node-domexception",
        "web-streams-polyfill"
      ]
    },
    "get-stream@9.0.1": {
      "integrity": "sha512-kVCxPF3vQM/N0B1PmoqVUqgHP+EeVjmZSQn+1oCRPxd2P21P2F19lIgbR3HBosbB1PUhOAoctJnfEn2GbN2eZA==",
      "dependencies": [
        "@sec-ant/readable-stream",
        "is-stream"
      ]
    },
    "got@14.4.3": {
      "integrity": "sha512-iTC0Z87yxSijWTh/IpvGpwOhIQK7+GgWkYrMRoN/hB9qeRj9RPuLGODwevs0p5idUf7nrxCVa5IlOmK3b8z+KA==",
      "dependencies": [
        "@sindresorhus/is",
        "@szmarczak/http-timer",
        "cacheable-lookup",
        "cacheable-request",
        "decompress-response",
        "form-data-encoder@4.0.2",
        "http2-wrapper",
        "lowercase-keys",
        "p-cancelable",
        "responselike",
        "type-fest@4.26.1"
      ]
    },
    "hpagent@1.2.0": {
      "integrity": "sha512-A91dYTeIB6NoXG+PxTQpCCDDnfHsW9kc06Lvpu1TEe9gnd6ZFeiBoRO9JvzEv6xK7EX97/dUE8g/vBMTqTS3CA=="
    },
    "htmlparser2@8.0.2": {
      "integrity": "sha512-GYdjWKDkbRLkZ5geuHs5NY1puJ+PXwP7+fHPRz06Eirsb9ugf6d8kkXav6ADhcODhFFPMIXyxkxSuMf3D6NCFA==",
      "dependencies": [
        "domelementtype",
        "domhandler",
        "domutils",
        "entities"
      ]
    },
    "http-cache-semantics@4.1.1": {
      "integrity": "sha512-er295DKPVsV82j5kw1Gjt+ADA/XYHsajl82cGNQG2eyoPkvgUhX+nDIyelzhIWbbsXP39EHcI6l5tYs2FYqYXQ=="
    },
    "http2-wrapper@2.2.1": {
      "integrity": "sha512-V5nVw1PAOgfI3Lmeaj2Exmeg7fenjhRUgz1lPSezy1CuhPYbgQtbQj4jZfEAEMlaL+vupsvhjqCyjzob0yxsmQ==",
      "dependencies": [
        "quick-lru",
        "resolve-alpn"
      ]
    },
    "humanize-ms@1.2.1": {
      "integrity": "sha512-Fl70vYtsAFb/C06PTS9dZBo7ihau+Tu/DNCk/OyHhea07S+aeMWpFFkUaXRa8fI+ScZbEI8dfSxwY7gxZ9SAVQ==",
      "dependencies": [
        "ms"
      ]
    },
    "iconv-lite@0.4.24": {
      "integrity": "sha512-v3MXnZAcvnywkTUEZomIActle7RXXeedOR31wwl7VlyoXO4Qi9arvSenNQWne1TcRwhCL1HwLI21bEqdpj8/rA==",
      "dependencies": [
        "safer-buffer"
      ]
    },
    "iconv-lite@0.6.3": {
      "integrity": "sha512-4fCk79wshMdzMp2rH06qWrJE4iolqLhCUH+OiuIgU++RB0+94NlDL81atO7GX55uUKueo0txHNtvEyI6D7WdMw==",
      "dependencies": [
        "safer-buffer"
      ]
    },
    "is-any-array@2.0.1": {
      "integrity": "sha512-UtilS7hLRu++wb/WBAw9bNuP1Eg04Ivn1vERJck8zJthEvXCBEBpGR/33u/xLKWEQf95803oalHrVDptcAvFdQ=="
    },
    "is-docker@3.0.0": {
      "integrity": "sha512-eljcgEDlEns/7AXFosB5K/2nCM4P7FQPkGc/DWLy5rmFEWvZayGrik1d9/QIY5nJ4f9YsVvBkA6kJpHn9rISdQ=="
    },
    "is-fullwidth-code-point@3.0.0": {
      "integrity": "sha512-zymm5+u+sCsSWyD9qNaejV3DFvhCKclKdizYaJUuHA83RLjb7nSuGnddCHGv0hk+KY7BMAlsWeK4Ueg6EV6XQg=="
    },
    "is-inside-container@1.0.0": {
      "integrity": "sha512-KIYLCCJghfHZxqjYBE7rEy0OBuTd5xCHS7tHVgvCLkx7StIoaxwNW3hCALgEUjFfeRk+MG/Qxmp/vtETEF3tRA==",
      "dependencies": [
        "is-docker"
      ]
    },
    "is-stream@4.0.1": {
      "integrity": "sha512-Dnz92NInDqYckGEUJv689RbRiTSEHCQ7wOVeALbkOz999YpqT46yMRIGtSNl2iCL1waAZSx40+h59NV/EwzV/A=="
    },
    "is-wsl@3.1.0": {
      "integrity": "sha512-UcVfVfaK4Sc4m7X3dUSoHoozQGBEFeDC+zVo06t98xe8CzHSZZBekNXH+tu0NalHolcJ/QAGqS46Hef7QXBIMw==",
      "dependencies": [
        "is-inside-container"
      ]
    },
    "json-buffer@3.0.1": {
      "integrity": "sha512-4bV5BfR2mqfQTJm+V5tPPdf+ZpuhiIvTuAB5g8kcrXOZpTT/QwwVRWBywX1ozr6lEuPdbHxwaJlm9G6mI2sfSQ=="
    },
    "keyv@4.5.4": {
      "integrity": "sha512-oxVHkHR/EJf2CNXnWxRLW6mg7JyCCUcG0DtEGmL2ctUo1PNTin1PUil+r/+4r5MpVgC/fn1kjsx7mjSujKqIpw==",
      "dependencies": [
        "json-buffer"
      ]
    },
    "lowercase-keys@3.0.0": {
      "integrity": "sha512-ozCC6gdQ+glXOQsveKD0YsDy8DSQFjDTz4zyzEHNV5+JP5D62LmfDZ6o1cycFx9ouG940M5dE8C8CTewdj2YWQ=="
    },
    "mime-db@1.52.0": {
      "integrity": "sha512-sPU4uV7dYlvtWJxwwxHD0PuihVNiE7TyAbQ5SWxDCB9mUYvOgroQOwYQQOKPJ8CIbE+1ETVlOoK1UC2nU3gYvg=="
    },
    "mime-types@2.1.35": {
      "integrity": "sha512-ZDY+bPm5zTTF+YpCrAU9nK0UgICYPT0QtT1NZWFv4s++TNkcgVaT0g6+4R2uI4MjQjzysHB1zxuWL50hzaeXiw==",
      "dependencies": [
        "mime-db"
      ]
    },
    "mimic-response@3.1.0": {
      "integrity": "sha512-z0yWI+4FDrrweS8Zmt4Ej5HdJmky15+L2e6Wgn3+iK5fWzb6T3fhNFq2+MeTRb064c6Wr4N/wv0DzQTjNzHNGQ=="
    },
    "mimic-response@4.0.0": {
      "integrity": "sha512-e5ISH9xMYU0DzrT+jl8q2ze9D6eWBto+I8CNpe+VI+K2J/F/k3PdkdTdz4wvGVH4NTpo+NRYTVIuMQEMMcsLqg=="
    },
    "ml-array-max@1.2.4": {
      "integrity": "sha512-BlEeg80jI0tW6WaPyGxf5Sa4sqvcyY6lbSn5Vcv44lp1I2GR6AWojfUvLnGTNsIXrZ8uqWmo8VcG1WpkI2ONMQ==",
      "dependencies": [
        "is-any-array"
      ]
    },
    "ml-array-min@1.2.3": {
      "integrity": "sha512-VcZ5f3VZ1iihtrGvgfh/q0XlMobG6GQ8FsNyQXD3T+IlstDv85g8kfV0xUG1QPRO/t21aukaJowDzMTc7j5V6Q==",
      "dependencies": [
        "is-any-array"
      ]
    },
    "ml-array-rescale@1.3.7": {
      "integrity": "sha512-48NGChTouvEo9KBctDfHC3udWnQKNKEWN0ziELvY3KG25GR5cA8K8wNVzracsqSW1QEkAXjTNx+ycgAv06/1mQ==",
      "dependencies": [
        "is-any-array",
        "ml-array-max",
        "ml-array-min"
      ]
    },
    "ml-distance-euclidean@2.0.0": {
      "integrity": "sha512-yC9/2o8QF0A3m/0IXqCTXCzz2pNEzvmcE/9HFKOZGnTjatvBbsn4lWYJkxENkA4Ug2fnYl7PXQxnPi21sgMy/Q=="
    },
    "ml-kmeans@6.0.0": {
      "integrity": "sha512-aziEZqeHxczaDvo1qkfCrC7XNVAPevs6PigAzy7dp9TzeQI7oGan6NfCgADwL/FAlA/wWi+1DkV8da6pXfuuPg==",
      "dependencies": [
        "ml-distance-euclidean",
        "ml-matrix",
        "ml-nearest-vector",
        "ml-random"
      ]
    },
    "ml-matrix@6.12.0": {
      "integrity": "sha512-AGfR+pWaC0GmzjUnB6BfwhndPEUGz0i7QUYdqNuw1zhTov/vSRJ9pP2hs6BoGpaSbtXgrKjZz2zjD1M0xuur6A==",
      "dependencies": [
        "is-any-array",
        "ml-array-rescale"
      ]
    },
    "ml-nearest-vector@2.0.1": {
      "integrity": "sha512-gMPwNm3eed59ewJYiCK/+wElWBfNoD6JizH965ePiQgCo0pvQL63w4YdZhLs5eUV0iWcq6brVMUBL6iMySHnqg==",
      "dependencies": [
        "ml-distance-euclidean"
      ]
    },
    "ml-random@0.5.0": {
      "integrity": "sha512-zLJBmNb34LOz+vN6BD8l3aYm/VWYWbmAunrLMPs4dHf4gTl8BWlhil72j56HubPg86zrXioIs4qoHq7Topy6tw==",
      "dependencies": [
        "ml-xsadd"
      ]
    },
    "ml-xsadd@2.0.0": {
      "integrity": "sha512-VoAYUqmPRmzKbbqRejjqceGFp3VF81Qe8XXFGU0UXLxB7Mf4GGvyGq5Qn3k4AiQgDEV6WzobqlPOd+j0+m6IrA=="
    },
    "ms@2.1.3": {
      "integrity": "sha512-6FlzubTLZG3J2a/NVCAleEhjzq5oxgHyaCU9yYXvcLsvoVaHJq/s5xXI6/XXP6tz7R9xAOtHnSO/tXtF3WRTlA=="
    },
    "mute-stream@2.0.0": {
      "integrity": "sha512-WWdIxpyjEn+FhQJQQv9aQAYlHoNVdzIzUySNV1gHUPDSdZJ3yZn7pAAbQcV7B56Mvu881q9FZV+0Vx2xC44VWA=="
    },
    "node-domexception@1.0.0": {
      "integrity": "sha512-/jKZoMpw0F8GRwl4/eLROPA3cfcXtLApP0QzLmUT/HuPCZWyB7IY9ZrMeKw2O/nFIqPQB3PVM9aYm0F312AXDQ=="
    },
    "node-fetch@2.7.0": {
      "integrity": "sha512-c4FRfUm/dbcWZ7U+1Wq0AwCyFL+3nt2bEw05wfxSz+DWpWsitgmSgYmy2dQdWyKC1694ELPqMs/YzUSNozLt8A==",
      "dependencies": [
        "whatwg-url"
      ]
    },
    "node-url-utils@0.4.0": {
      "integrity": "sha512-cg9J2VQ0nNvrZR+edoDaAoInvGRgi2r/LCSwOwNCgVASBo0rQiDbSwa4s0MpEcpPf1p4qokC14BXMx5TPxSU5w=="
    },
    "nodejs-polars-android-arm64@0.16.0": {
      "integrity": "sha512-+zM3nKoFgmXxK+XpUSDnUZtaoDlXcsaF6MAaREinNlR6Ay1g6jIc+NxzYli2mtMji6RTsXDpmiFdcdOFWzcclA=="
    },
    "nodejs-polars-darwin-arm64@0.16.0": {
      "integrity": "sha512-DQrOtwtEuvP0lxZn21CQ/flTJKHRHcXrtgSqxudCbXVd5KZha1GnmpSNq/jP3kUdUdiYvgnwYgeqFn4djBWwnA=="
    },
    "nodejs-polars-darwin-x64@0.16.0": {
      "integrity": "sha512-TOTmojbR7Pog2uvjgkqglWgVIVOV1RcV3/V01DPYDBhGrvtNtlVRlQ1oo00V7UwkQe0G9Ph8c4LfAtJy/fYHNg=="
    },
    "nodejs-polars-linux-arm64-gnu@0.16.0": {
      "integrity": "sha512-4gFmXi2oD6aTxDruHooa10qpKt9bmZoRj14hajs2+cFw3KaYXZ2FE690Br+BJqTrh1yY/6A3MQWz7QAyRFNUng=="
    },
    "nodejs-polars-linux-arm64-musl@0.16.0": {
      "integrity": "sha512-RweGvcPSK7hOy8HV1qHIaT+sVEEfZ62WUxIz2muXCzw8tm3FizmzCunZQyHsy+PVCHM5YqYG2mf6Vaa5i8HZqQ=="
    },
    "nodejs-polars-linux-x64-gnu@0.16.0": {
      "integrity": "sha512-R6B0NfQmujAcT3BJKW5BnEootKa1lugbE0E5f4DAUFS9NO1+Qx4gXyZ2If0EULVkddspCPglGvGUnXt4Bc2Lqg=="
    },
    "nodejs-polars-linux-x64-musl@0.16.0": {
      "integrity": "sha512-lqUH2dTFfFxN3UDVE92KhIIGV5P5UDS+ye8RAw021AQAH0Sd0g4Zk9sY0Am+eFyWG3MWRYwul7siVDlSq6d3yQ=="
    },
    "nodejs-polars-win32-x64-msvc@0.16.0": {
      "integrity": "sha512-r3ZIk3hAaDHThGQU8Syw1hIjcp6GySjyLT3htuG6eFlky99m/kHAH3qlFfYrTv+WDgbOIOsy1gqUr/LwyqR7Ew=="
    },
    "nodejs-polars@0.16.0": {
      "integrity": "sha512-GNISTlEg0Wv2CxOkzbum2McABkgQLa3z7IjjfB61Wrv6Rszm12CcsQyiQVqJweDK1l9/O7uDc/qu9Hd3eCKaJg==",
      "dependencies": [
        "nodejs-polars-android-arm64",
        "nodejs-polars-darwin-arm64",
        "nodejs-polars-darwin-x64",
        "nodejs-polars-linux-arm64-gnu",
        "nodejs-polars-linux-arm64-musl",
        "nodejs-polars-linux-x64-gnu",
        "nodejs-polars-linux-x64-musl",
        "nodejs-polars-win32-x64-msvc"
      ]
    },
    "normalize-url@8.0.1": {
      "integrity": "sha512-IO9QvjUMWxPQQhs60oOu10CRkWCiZzSUkzbXGGV9pviYl1fXYcvkzQ5jV9z8Y6un8ARoVRl4EtC6v6jNqbaJ/w=="
    },
    "nth-check@2.1.1": {
      "integrity": "sha512-lqjrjmaOoAnWfMmBPL+XNnynZh2+swxiX3WUE0s4yEHI6m+AwrK2UZOimIRl3X/4QctVqS8AiZjFqyOGrMXb/w==",
      "dependencies": [
        "boolbase"
      ]
    },
    "open@10.1.0": {
      "integrity": "sha512-mnkeQ1qP5Ue2wd+aivTD3NHd/lZ96Lu0jgf0pwktLPtx6cTZiH7tyeGRRHs0zX0rbrahXPnXlUnbeXyaBBuIaw==",
      "dependencies": [
        "default-browser",
        "define-lazy-prop",
        "is-inside-container",
        "is-wsl"
      ]
    },
    "openai@4.68.1": {
      "integrity": "sha512-C9XmYRHgra1U1G4GGFNqRHQEjxhoOWbQYR85IibfJ0jpHUhOm4/lARiKaC/h3zThvikwH9Dx/XOKWPNVygIS3g==",
      "dependencies": [
        "@types/node@18.19.56",
        "@types/node-fetch",
        "abort-controller",
        "agentkeepalive",
        "form-data-encoder@1.7.2",
        "formdata-node",
        "node-fetch"
      ]
    },
    "os-tmpdir@1.0.2": {
      "integrity": "sha512-D2FR03Vir7FIu45XBY20mTb+/ZSWB00sjU9jdQXt83gDrI4Ztz5Fs7/yy74g2N5SVQY4xY1qDr4rNddwYRVX0g=="
    },
    "p-cancelable@4.0.1": {
      "integrity": "sha512-wBowNApzd45EIKdO1LaU+LrMBwAcjfPaYtVzV3lmfM3gf8Z4CHZsiIqlM8TZZ8okYvh5A1cP6gTfCRQtwUpaUg=="
    },
    "parse5-htmlparser2-tree-adapter@7.1.0": {
      "integrity": "sha512-ruw5xyKs6lrpo9x9rCZqZZnIUntICjQAd0Wsmp396Ul9lN/h+ifgVV1x1gZHi8euej6wTfpqX8j+BFQxF0NS/g==",
      "dependencies": [
        "domhandler",
        "parse5"
      ]
    },
    "parse5@7.2.0": {
      "integrity": "sha512-ZkDsAOcxsUMZ4Lz5fVciOehNcJ+Gb8gTzcA4yl3wnc273BAybYWrQ+Ks/OjCjSEpjvQkDSeZbybK9qj2VHHdGA==",
      "dependencies": [
        "entities"
      ]
    },
    "plotly.js-dist@2.35.2": {
      "integrity": "sha512-zbKfz7jXGcLGoyPJxjGrKLttPiqvsEjIMHON/dEU/mnOJ+/yYoEctEEQ3qp5zQmvoovw1L47kCsQpq/GTbejBA=="
    },
    "quick-lru@5.1.1": {
      "integrity": "sha512-WuyALRjWPDGtt/wzJiadO5AXY+8hZ80hVpe6MyivgraREW751X3SbhRvG3eLKOYN+8VEvqLcf3wdnt44Z4S4SA=="
    },
    "resolve-alpn@1.2.1": {
      "integrity": "sha512-0a1F4l73/ZFZOakJnQ3FvkJ2+gSTQWz/r2KE5OdDY0TxPm5h4GkqkWWfM47T7HsbnOtcJVEF4epCVy6u7Q3K+g=="
    },
    "responselike@3.0.0": {
      "integrity": "sha512-40yHxbNcl2+rzXvZuVkrYohathsSJlMTXKryG5y8uciHv1+xDLHQpgjG64JUO9nrEq2jGLH6IZ8BcZyw3wrweg==",
      "dependencies": [
        "lowercase-keys"
      ]
    },
    "run-applescript@7.0.0": {
      "integrity": "sha512-9by4Ij99JUr/MCFBUkDKLWK3G9HVXmabKz9U5MlIAIuvuzkiOicRYs8XJLxX+xahD+mLiiCYDqF9dKAgtzKP1A=="
    },
    "safer-buffer@2.1.2": {
      "integrity": "sha512-YZo3K82SD7Riyi0E1EQPojLz7kpepnSQI9IyPbHHg1XXXevb5dJI7tpyN2ADxGcQbHG7vcyRHk0cbwqcQriUtg=="
    },
    "seenreq@3.0.0": {
      "integrity": "sha512-wSe7hb83TKkyweL8Jq5a1xuStmqfwxiJn2SXjA/Wns42aUJjlWzPzj/jWaomOCRY5ZpIRkiyh/+5pNz/20363A==",
      "dependencies": [
        "node-url-utils"
      ]
    },
    "signal-exit@4.1.0": {
      "integrity": "sha512-bzyZ1e88w9O1iNJbKnOlvYTrWPDl46O1bG0D3XInv+9tkPrxrN8jUUTiFlDkkmKWgn1M6CfIA13SuGqOa9Korw=="
    },
    "string-width@4.2.3": {
      "integrity": "sha512-wKyQRQpjJ0sIp62ErSZdGsjMJWsap5oRNihHhu6G7JVO/9jIB6UyevL+tXuOqrng8j/cxKTWyWUwvSTriiZz/g==",
      "dependencies": [
        "emoji-regex",
        "is-fullwidth-code-point",
        "strip-ansi"
      ]
    },
    "strip-ansi@6.0.1": {
      "integrity": "sha512-Y38VPSHcqkFrCpFnQ9vuSXmquuv5oXOKpGeT6aGrr3o3Gc9AlVa6JBfUSOCnbxGGZF+/0ooI7KrPuUSztUdU5A==",
      "dependencies": [
        "ansi-regex"
      ]
    },
    "tiktoken@1.0.17": {
      "integrity": "sha512-UuFHqpy/DxOfNiC3otsqbx3oS6jr5uKdQhB/CvDEroZQbVHt+qAK+4JbIooabUWKU9g6PpsFylNu9Wcg4MxSGA=="
    },
    "tmp@0.0.33": {
      "integrity": "sha512-jRCJlojKnZ3addtTOjdIqoRuPEKBvNXcGYqzO6zWZX8KfKEpnGY5jfggJQ3EjKuu8D4bJRr0y+cYJFmYbImXGw==",
      "dependencies": [
        "os-tmpdir"
      ]
    },
    "tr46@0.0.3": {
      "integrity": "sha512-N3WMsuqV66lT30CrXNbEjx4GEwlow3v6rr4mCcv6prnfwhS01rkgyFdjPNBYd9br7LpXV1+Emh01fHnq2Gdgrw=="
    },
    "tslog@4.9.3": {
      "integrity": "sha512-oDWuGVONxhVEBtschLf2cs/Jy8i7h1T+CpdkTNWQgdAF7DhRo2G8vMCgILKe7ojdEkLhICWgI1LYSSKaJsRgcw=="
    },
    "type-fest@0.21.3": {
      "integrity": "sha512-t0rzBq87m3fVcduHDUFhKmyyX+9eo6WQjZvf51Ea/M0Q7+T374Jp1aUiyUl0GKxp8M/OETVHSDvmkyPgvX+X2w=="
    },
    "type-fest@4.26.1": {
      "integrity": "sha512-yOGpmOAL7CkKe/91I5O3gPICmJNLJ1G4zFYVAsRHg7M64biSnPtRj0WNQt++bRkjYOqjWXrhnUw1utzmVErAdg=="
    },
    "undici-types@5.26.5": {
      "integrity": "sha512-JlCMO+ehdEIKqlFxk6IfVoAUVmgz7cU7zD/h9XZ0qzeosSHmUJVOzSQvvYSYWXkFXC+IfLKSIffhv0sVZup6pA=="
    },
    "undici-types@6.19.8": {
      "integrity": "sha512-ve2KP6f/JnbPBFyobGHuerC9g1FYGn/F8n1LWTwNxCEzd6IfqTwUQcNXgEtmmQ6DlRrC1hrSrBnCZPokRrDHjw=="
    },
    "web-streams-polyfill@4.0.0-beta.3": {
      "integrity": "sha512-QW95TCTaHmsYfHDybGMwO5IJIM93I/6vTRk+daHTWFPhwh+C8Cg7j7XyKrwrj8Ib6vYXe0ocYNrmzY4xAAN6ug=="
    },
    "webidl-conversions@3.0.1": {
      "integrity": "sha512-2JAn3z8AR6rjK8Sm8orRC0h/bcl/DqL7tRPdGZ4I1CjdF+EaMLmYxBHyXuKL849eucPFhvBoxMsflfOb8kxaeQ=="
    },
    "whatwg-url@5.0.0": {
      "integrity": "sha512-saE57nupxk6v3HY35+jzBwYa0rKSy0XR8JSxZPwgLr7ys0IBzhGviA1/TUGJLmSVqs8pb9AnvICXEuOHLprYTw==",
      "dependencies": [
        "tr46",
        "webidl-conversions"
      ]
    },
    "wrap-ansi@6.2.0": {
      "integrity": "sha512-r6lPcBGxZXlIcymEu7InxDMhdW0KDxpLgoFLcguasxCaJ/SOIZwINatK9KY/tf+ZrlywOKU0UDj3ATXUBfxJXA==",
      "dependencies": [
        "ansi-styles",
        "string-width",
        "strip-ansi"
      ]
    },
    "yoctocolors-cjs@2.1.2": {
      "integrity": "sha512-cYVsTjKl8b+FrnidjibDWskAv7UKOfcwaVZdp/it9n1s9fU3IkgDbhdIRKCW4JDsAlECJY0ytoVPT3sK6kideA=="
    }
  },
  "workspace": {
    "dependencies": [
      "jsr:@denosaurs/wait@~0.2.2",
      "jsr:@std/assert@1",
      "jsr:@std/cli@^1.0.6",
      "jsr:@std/csv@^1.0.3",
      "jsr:@std/path@^1.0.6",
      "npm:@inquirer/prompts@^7.0.1",
      "npm:@keckelt/tsne@^1.0.2",
      "npm:@types/plotly.js@^2.33.4",
      "npm:chalk@^5.3.0",
      "npm:commander@^12.1.0",
      "npm:crawler@^2.0.2",
      "npm:figlet@^1.8.0",
      "npm:ml-kmeans@6",
      "npm:nodejs-polars@0.16",
      "npm:open@^10.1.0",
      "npm:openai@^4.68.1",
      "npm:plotly.js-dist@^2.35.2",
      "npm:tiktoken@^1.0.17"
    ]
  }
}
